{
	"name": "pkg",
	"version": "1.0.0",
	"lockfileVersion": 3,
	"requires": true,
	"packages": {
		"": {
			"name": "pkg",
			"version": "1.0.0",
			"license": "MIT",
			"dependencies": {
				"@gamex/cc-ecs": "^3.0.4"
			}
		},
		"node_modules/@gamex/cc-ecs": {
			"version": "3.0.4",
			"resolved": "https://registry.npmmirror.com/@gamex/cc-ecs/-/cc-ecs-3.0.4.tgz",
			"integrity": "sha512-CH7uzTLrEnxlS0Dr160DRBiq/WEqQ9j0uW5FGQh5WWLNP6a0y5g7JtM4QumUBtW6jVKsBnZuBVA7SAPdd9z3rg==",
			"license": "MIT"
		}
	}
}
